
Microsoft Visual Studio Solution File, Format Version 12.00
# Visual Studio 15
VisualStudioVersion = 15.0.27703.2042
MinimumVisualStudioVersion = 10.0.40219.1
Project("{8BC9CEB8-8B4A-11D0-8D11-00A0C91BC942}") = "ServerS", "ServerS\ServerS.vcxproj", "{CD0D42A3-5917-4267-BE0A-607F16A0D8EF}"
EndProject
Global
	GlobalSection(SolutionConfigurationPlatforms) = preSolution
		Debug|x64 = Debug|x64
		Debug|x86 = Debug|x86
		Release|x64 = Release|x64
		Release|x86 = Release|x86
	EndGlobalSection
	GlobalSection(ProjectConfigurationPlatforms) = postSolution
		{CD0D42A3-5917-4267-BE0A-607F16A0D8EF}.Debug|x64.ActiveCfg = Debug|x64
		{CD0D42A3-5917-4267-BE0A-607F16A0D8EF}.Debug|x64.Build.0 = Debug|x64
		{CD0D42A3-5917-4267-BE0A-607F16A0D8EF}.Debug|x86.ActiveCfg = Debug|Win32
		{CD0D42A3-5917-4267-BE0A-607F16A0D8EF}.Debug|x86.Build.0 = Debug|Win32
		{CD0D42A3-5917-4267-BE0A-607F16A0D8EF}.Release|x64.ActiveCfg = Release|x64
		{CD0D42A3-5917-4267-BE0A-607F16A0D8EF}.Release|x64.Build.0 = Release|x64
		{CD0D42A3-5917-4267-BE0A-607F16A0D8EF}.Release|x86.ActiveCfg = Release|Win32
		{CD0D42A3-5917-4267-BE0A-607F16A0D8EF}.Release|x86.Build.0 = Release|Win32
	EndGlobalSection
	GlobalSection(SolutionProperties) = preSolution
		HideSolutionNode = FALSE
	EndGlobalSection
	GlobalSection(ExtensibilityGlobals) = postSolution
		SolutionGuid = {DF9B12E5-C3D4-40C6-B58C-E7A231EE19ED}
	EndGlobalSection
EndGlobal
